
Microsoft Visual Studio Solution File, Format Version 12.00
# Visual Studio Version 17
VisualStudioVersion = 17.4.33213.308
MinimumVisualStudioVersion = 10.0.40219.1
Project("{FAE04EC0-301F-11D3-BF4B-00C04F79EFBC}") = "trellotp3", "trellotp3\trellotp3.csproj", "{39768A15-AF52-4665-86DA-B6401D498EAB}"
EndProject
Global
	GlobalSection(SolutionConfigurationPlatforms) = preSolution
		Debug|Any CPU = Debug|Any CPU
		Release|Any CPU = Release|Any CPU
	EndGlobalSection
	GlobalSection(ProjectConfigurationPlatforms) = postSolution
		{39768A15-AF52-4665-86DA-B6401D498EAB}.Debug|Any CPU.ActiveCfg = Debug|Any CPU
		{39768A15-AF52-4665-86DA-B6401D498EAB}.Debug|Any CPU.Build.0 = Debug|Any CPU
		{39768A15-AF52-4665-86DA-B6401D498EAB}.Release|Any CPU.ActiveCfg = Release|Any CPU
		{39768A15-AF52-4665-86DA-B6401D498EAB}.Release|Any CPU.Build.0 = Release|Any CPU
	EndGlobalSection
	GlobalSection(SolutionProperties) = preSolution
		HideSolutionNode = FALSE
	EndGlobalSection
	GlobalSection(ExtensibilityGlobals) = postSolution
		SolutionGuid = {FD43D279-9D75-4D0A-91CB-274F7522DC0F}
	EndGlobalSection
EndGlobal
